
Microsoft Visual Studio Solution File, Format Version 12.00
# Visual Studio Version 17
VisualStudioVersion = 17.4.33213.308
MinimumVisualStudioVersion = 10.0.40219.1
Project("{FAE04EC0-301F-11D3-BF4B-00C04F79EFBC}") = "Gráfelméleti algoritmusok", "Gráfelméleti algoritmusok.csproj", "{1B553742-6277-481C-81D0-68ED079267B9}"
EndProject
Global
	GlobalSection(SolutionConfigurationPlatforms) = preSolution
		Debug|Any CPU = Debug|Any CPU
		Release|Any CPU = Release|Any CPU
	EndGlobalSection
	GlobalSection(ProjectConfigurationPlatforms) = postSolution
		{1B553742-6277-481C-81D0-68ED079267B9}.Debug|Any CPU.ActiveCfg = Debug|Any CPU
		{1B553742-6277-481C-81D0-68ED079267B9}.Debug|Any CPU.Build.0 = Debug|Any CPU
		{1B553742-6277-481C-81D0-68ED079267B9}.Release|Any CPU.ActiveCfg = Release|Any CPU
		{1B553742-6277-481C-81D0-68ED079267B9}.Release|Any CPU.Build.0 = Release|Any CPU
	EndGlobalSection
	GlobalSection(SolutionProperties) = preSolution
		HideSolutionNode = FALSE
	EndGlobalSection
	GlobalSection(ExtensibilityGlobals) = postSolution
		SolutionGuid = {C062E67F-00E6-47B6-9D53-9DA380D9045E}
	EndGlobalSection
EndGlobal
